
Microsoft Visual Studio Solution File, Format Version 10.00
# Visual Studio 2008
Project("{FAE04EC0-301F-11D3-BF4B-00C04F79EFBC}") = "rupban.core", "rupban.core\rupban.core.csproj", "{AA0EFC21-AA28-4C62-AE93-CB786A910CA4}"
EndProject
Project("{FAE04EC0-301F-11D3-BF4B-00C04F79EFBC}") = "rubban.gridview", "rubban.gridview\rubban.gridview.csproj", "{2D3C7430-8142-4B36-8CB6-4B16E645AB6E}"
EndProject
Project("{FAE04EC0-301F-11D3-BF4B-00C04F79EFBC}") = "rupban.core.test", "rupban.core.test\rupban.core.test.csproj", "{DB5C165F-4525-495E-80CC-D5EF0799F778}"
EndProject
Project("{2150E333-8FDC-42A3-9474-1A3956D46DE8}") = "lib", "lib", "{296E4A4D-E537-40D4-BA48-3DB009E9F8C8}"
	ProjectSection(SolutionItems) = preProject
		lib\Moq.dll = lib\Moq.dll
		lib\nunit.framework.dll = lib\nunit.framework.dll
	EndProjectSection
EndProject
Project("{2150E333-8FDC-42A3-9474-1A3956D46DE8}") = "datafile", "datafile", "{C8C5E4E7-AD62-48E5-AAB8-DAB3E447529D}"
	ProjectSection(SolutionItems) = preProject
		datafile\BoardTemplate.xml = datafile\BoardTemplate.xml
	EndProjectSection
EndProject
Project("{FAE04EC0-301F-11D3-BF4B-00C04F79EFBC}") = "rupban.project", "rupban.project\rupban.project.csproj", "{1D1FF591-F5F0-4E4A-AA1B-04EEC4E26DD2}"
EndProject
Project("{FAE04EC0-301F-11D3-BF4B-00C04F79EFBC}") = "rupban.agent", "rupban.agent\rupban.agent.csproj", "{40399C1B-D575-43D6-89E0-C673ECA94E07}"
EndProject
Global
	GlobalSection(SolutionConfigurationPlatforms) = preSolution
		Debug|Any CPU = Debug|Any CPU
		Release|Any CPU = Release|Any CPU
	EndGlobalSection
	GlobalSection(ProjectConfigurationPlatforms) = postSolution
		{AA0EFC21-AA28-4C62-AE93-CB786A910CA4}.Debug|Any CPU.ActiveCfg = Debug|Any CPU
		{AA0EFC21-AA28-4C62-AE93-CB786A910CA4}.Debug|Any CPU.Build.0 = Debug|Any CPU
		{AA0EFC21-AA28-4C62-AE93-CB786A910CA4}.Release|Any CPU.ActiveCfg = Release|Any CPU
		{AA0EFC21-AA28-4C62-AE93-CB786A910CA4}.Release|Any CPU.Build.0 = Release|Any CPU
		{2D3C7430-8142-4B36-8CB6-4B16E645AB6E}.Debug|Any CPU.ActiveCfg = Debug|Any CPU
		{2D3C7430-8142-4B36-8CB6-4B16E645AB6E}.Debug|Any CPU.Build.0 = Debug|Any CPU
		{2D3C7430-8142-4B36-8CB6-4B16E645AB6E}.Release|Any CPU.ActiveCfg = Release|Any CPU
		{2D3C7430-8142-4B36-8CB6-4B16E645AB6E}.Release|Any CPU.Build.0 = Release|Any CPU
		{DB5C165F-4525-495E-80CC-D5EF0799F778}.Debug|Any CPU.ActiveCfg = Debug|Any CPU
		{DB5C165F-4525-495E-80CC-D5EF0799F778}.Debug|Any CPU.Build.0 = Debug|Any CPU
		{DB5C165F-4525-495E-80CC-D5EF0799F778}.Release|Any CPU.ActiveCfg = Release|Any CPU
		{DB5C165F-4525-495E-80CC-D5EF0799F778}.Release|Any CPU.Build.0 = Release|Any CPU
		{1D1FF591-F5F0-4E4A-AA1B-04EEC4E26DD2}.Debug|Any CPU.ActiveCfg = Debug|Any CPU
		{1D1FF591-F5F0-4E4A-AA1B-04EEC4E26DD2}.Debug|Any CPU.Build.0 = Debug|Any CPU
		{1D1FF591-F5F0-4E4A-AA1B-04EEC4E26DD2}.Release|Any CPU.ActiveCfg = Release|Any CPU
		{1D1FF591-F5F0-4E4A-AA1B-04EEC4E26DD2}.Release|Any CPU.Build.0 = Release|Any CPU
		{40399C1B-D575-43D6-89E0-C673ECA94E07}.Debug|Any CPU.ActiveCfg = Debug|Any CPU
		{40399C1B-D575-43D6-89E0-C673ECA94E07}.Debug|Any CPU.Build.0 = Debug|Any CPU
		{40399C1B-D575-43D6-89E0-C673ECA94E07}.Release|Any CPU.ActiveCfg = Release|Any CPU
		{40399C1B-D575-43D6-89E0-C673ECA94E07}.Release|Any CPU.Build.0 = Release|Any CPU
	EndGlobalSection
	GlobalSection(SolutionProperties) = preSolution
		HideSolutionNode = FALSE
	EndGlobalSection
EndGlobal
