
Microsoft Visual Studio Solution File, Format Version 10.00
# Visual Studio 2008
Project("{FAE04EC0-301F-11D3-BF4B-00C04F79EFBC}") = "rupban.core", "rupban.core\rupban.core.csproj", "{5244FF68-D801-4350-8D07-713A69B6182D}"
EndProject
Global
	GlobalSection(SolutionConfigurationPlatforms) = preSolution
		Debug|Any CPU = Debug|Any CPU
		Release|Any CPU = Release|Any CPU
	EndGlobalSection
	GlobalSection(ProjectConfigurationPlatforms) = postSolution
		{5244FF68-D801-4350-8D07-713A69B6182D}.Debug|Any CPU.ActiveCfg = Debug|Any CPU
		{5244FF68-D801-4350-8D07-713A69B6182D}.Debug|Any CPU.Build.0 = Debug|Any CPU
		{5244FF68-D801-4350-8D07-713A69B6182D}.Release|Any CPU.ActiveCfg = Release|Any CPU
		{5244FF68-D801-4350-8D07-713A69B6182D}.Release|Any CPU.Build.0 = Release|Any CPU
	EndGlobalSection
	GlobalSection(SolutionProperties) = preSolution
		HideSolutionNode = FALSE
	EndGlobalSection
EndGlobal
